// !$*UTF8*$!
{
	archiveVersion = 1;
	classes = {
	};
	objectVersion = 56;
	objects = {

/* Begin PBXBuildFile section */
		151BF4AF70F87BCA5F01894F /* libPods-tourCheck-1971322-jangsubin.a in Frameworks */ = {isa = PBXBuildFile; fileRef = 1A5B9BDAC2C11428A8DD12B5 /* libPods-tourCheck-1971322-jangsubin.a */; };
		3A98742B2C168114006D5B37 /* AppDelegate.swift in Sources */ = {isa = PBXBuildFile; fileRef = 3A98742A2C168114006D5B37 /* AppDelegate.swift */; };
		3A98742D2C168114006D5B37 /* SceneDelegate.swift in Sources */ = {isa = PBXBuildFile; fileRef = 3A98742C2C168114006D5B37 /* SceneDelegate.swift */; };
		3A98742F2C168114006D5B37 /* ViewController.swift in Sources */ = {isa = PBXBuildFile; fileRef = 3A98742E2C168114006D5B37 /* ViewController.swift */; };
		3A9874322C168114006D5B37 /* Base in Resources */ = {isa = PBXBuildFile; fileRef = 3A9874312C168114006D5B37 /* Base */; };
		3A9874342C168114006D5B37 /* Assets.xcassets in Resources */ = {isa = PBXBuildFile; fileRef = 3A9874332C168114006D5B37 /* Assets.xcassets */; };
		3A9874372C168114006D5B37 /* Base in Resources */ = {isa = PBXBuildFile; fileRef = 3A9874362C168114006D5B37 /* Base */; };
		3A9874472C169143006D5B37 /* AuthViewController.swift in Sources */ = {isa = PBXBuildFile; fileRef = 3A9874462C169143006D5B37 /* AuthViewController.swift */; };
		3A9874492C1692BE006D5B37 /* GoogleService-Info.plist in Resources */ = {isa = PBXBuildFile; fileRef = 3A9874482C1692BE006D5B37 /* GoogleService-Info.plist */; };
		3A98745F2C169F96006D5B37 /* FirebaseAuth in Frameworks */ = {isa = PBXBuildFile; productRef = 3A98745E2C169F96006D5B37 /* FirebaseAuth */; };
		3A9874612C169F96006D5B37 /* FirebaseFirestore in Frameworks */ = {isa = PBXBuildFile; productRef = 3A9874602C169F96006D5B37 /* FirebaseFirestore */; };
		3A9874632C169F96006D5B37 /* FirebaseStorage in Frameworks */ = {isa = PBXBuildFile; productRef = 3A9874622C169F96006D5B37 /* FirebaseStorage */; };
		3A9874652C18A2F6006D5B37 /* MapViewController.swift in Sources */ = {isa = PBXBuildFile; fileRef = 3A9874642C18A2F6006D5B37 /* MapViewController.swift */; };
		3AAF65962C18AEE6006BEFA0 /* SearchViewController.swift in Sources */ = {isa = PBXBuildFile; fileRef = 3AAF65952C18AEE6006BEFA0 /* SearchViewController.swift */; };
		3AAF65982C18CA44006BEFA0 /* TourApiManager.swift in Sources */ = {isa = PBXBuildFile; fileRef = 3AAF65972C18CA44006BEFA0 /* TourApiManager.swift */; };
		3AAF65A02C18D20E006BEFA0 /* TouristSpotTableViewCell.swift in Sources */ = {isa = PBXBuildFile; fileRef = 3AAF659F2C18D20E006BEFA0 /* TouristSpotTableViewCell.swift */; };
		3AAF65A22C1BE3D8006BEFA0 /* TouristSpotDetailViewController.swift in Sources */ = {isa = PBXBuildFile; fileRef = 3AAF65A12C1BE3D8006BEFA0 /* TouristSpotDetailViewController.swift */; };
		3AAF65A42C1BFE22006BEFA0 /* SavedSpotsViewController.swift in Sources */ = {isa = PBXBuildFile; fileRef = 3AAF65A32C1BFE22006BEFA0 /* SavedSpotsViewController.swift */; };
/* End PBXBuildFile section */

/* Begin PBXFileReference section */
		187654A2BD61B69263F6F4D9 /* Pods-tourCheck-1971322-jangsubin.release.xcconfig */ = {isa = PBXFileReference; includeInIndex = 1; lastKnownFileType = text.xcconfig; name = "Pods-tourCheck-1971322-jangsubin.release.xcconfig"; path = "Target Support Files/Pods-tourCheck-1971322-jangsubin/Pods-tourCheck-1971322-jangsubin.release.xcconfig"; sourceTree = "<group>"; };
		1A5B9BDAC2C11428A8DD12B5 /* libPods-tourCheck-1971322-jangsubin.a */ = {isa = PBXFileReference; explicitFileType = archive.ar; includeInIndex = 0; path = "libPods-tourCheck-1971322-jangsubin.a"; sourceTree = BUILT_PRODUCTS_DIR; };
		3A9874272C168114006D5B37 /* tourCheck-1971322-jangsubin.app */ = {isa = PBXFileReference; explicitFileType = wrapper.application; includeInIndex = 0; path = "tourCheck-1971322-jangsubin.app"; sourceTree = BUILT_PRODUCTS_DIR; };
		3A98742A2C168114006D5B37 /* AppDelegate.swift */ = {isa = PBXFileReference; lastKnownFileType = sourcecode.swift; path = AppDelegate.swift; sourceTree = "<group>"; };
		3A98742C2C168114006D5B37 /* SceneDelegate.swift */ = {isa = PBXFileReference; lastKnownFileType = sourcecode.swift; path = SceneDelegate.swift; sourceTree = "<group>"; };
		3A98742E2C168114006D5B37 /* ViewController.swift */ = {isa = PBXFileReference; lastKnownFileType = sourcecode.swift; path = ViewController.swift; sourceTree = "<group>"; };
		3A9874312C168114006D5B37 /* Base */ = {isa = PBXFileReference; lastKnownFileType = file.storyboard; name = Base; path = Base.lproj/Main.storyboard; sourceTree = "<group>"; };
		3A9874332C168114006D5B37 /* Assets.xcassets */ = {isa = PBXFileReference; lastKnownFileType = folder.assetcatalog; path = Assets.xcassets; sourceTree = "<group>"; };
		3A9874362C168114006D5B37 /* Base */ = {isa = PBXFileReference; lastKnownFileType = file.storyboard; name = Base; path = Base.lproj/LaunchScreen.storyboard; sourceTree = "<group>"; };
		3A9874382C168114006D5B37 /* Info.plist */ = {isa = PBXFileReference; lastKnownFileType = text.plist.xml; path = Info.plist; sourceTree = "<group>"; };
		3A9874462C169143006D5B37 /* AuthViewController.swift */ = {isa = PBXFileReference; lastKnownFileType = sourcecode.swift; path = AuthViewController.swift; sourceTree = "<group>"; };
		3A9874482C1692BE006D5B37 /* GoogleService-Info.plist */ = {isa = PBXFileReference; fileEncoding = 4; lastKnownFileType = text.plist.xml; path = "GoogleService-Info.plist"; sourceTree = "<group>"; };
		3A9874512C1699F3006D5B37 /* NMapsGeometry.xcframework */ = {isa = PBXFileReference; lastKnownFileType = wrapper.xcframework; name = NMapsGeometry.xcframework; path = Pods/NMapsGeometry/framework/NMapsGeometry.xcframework; sourceTree = "<group>"; };
		3A9874522C1699F3006D5B37 /* NMapsMap.xcframework */ = {isa = PBXFileReference; lastKnownFileType = wrapper.xcframework; name = NMapsMap.xcframework; path = Pods/NMapsMap/framework/NMapsMap.xcframework; sourceTree = "<group>"; };
		3A9874642C18A2F6006D5B37 /* MapViewController.swift */ = {isa = PBXFileReference; lastKnownFileType = sourcecode.swift; path = MapViewController.swift; sourceTree = "<group>"; };
		3AAF65952C18AEE6006BEFA0 /* SearchViewController.swift */ = {isa = PBXFileReference; lastKnownFileType = sourcecode.swift; path = SearchViewController.swift; sourceTree = "<group>"; };
		3AAF65972C18CA44006BEFA0 /* TourApiManager.swift */ = {isa = PBXFileReference; lastKnownFileType = sourcecode.swift; path = TourApiManager.swift; sourceTree = "<group>"; };
		3AAF659F2C18D20E006BEFA0 /* TouristSpotTableViewCell.swift */ = {isa = PBXFileReference; lastKnownFileType = sourcecode.swift; path = TouristSpotTableViewCell.swift; sourceTree = "<group>"; };
		3AAF65A12C1BE3D8006BEFA0 /* TouristSpotDetailViewController.swift */ = {isa = PBXFileReference; lastKnownFileType = sourcecode.swift; path = TouristSpotDetailViewController.swift; sourceTree = "<group>"; };
		3AAF65A32C1BFE22006BEFA0 /* SavedSpotsViewController.swift */ = {isa = PBXFileReference; lastKnownFileType = sourcecode.swift; path = SavedSpotsViewController.swift; sourceTree = "<group>"; };
		CCD1C7E791D730A67F72E065 /* Pods-tourCheck-1971322-jangsubin.debug.xcconfig */ = {isa = PBXFileReference; includeInIndex = 1; lastKnownFileType = text.xcconfig; name = "Pods-tourCheck-1971322-jangsubin.debug.xcconfig"; path = "Target Support Files/Pods-tourCheck-1971322-jangsubin/Pods-tourCheck-1971322-jangsubin.debug.xcconfig"; sourceTree = "<group>"; };
/* End PBXFileReference section */

/* Begin PBXFrameworksBuildPhase section */
		3A9874242C168113006D5B37 /* Frameworks */ = {
			isa = PBXFrameworksBuildPhase;
			buildActionMask = 2147483647;
			files = (
				151BF4AF70F87BCA5F01894F /* libPods-tourCheck-1971322-jangsubin.a in Frameworks */,
				3A9874632C169F96006D5B37 /* FirebaseStorage in Frameworks */,
				3A98745F2C169F96006D5B37 /* FirebaseAuth in Frameworks */,
				3A9874612C169F96006D5B37 /* FirebaseFirestore in Frameworks */,
			);
			runOnlyForDeploymentPostprocessing = 0;
		};
/* End PBXFrameworksBuildPhase section */

/* Begin PBXGroup section */
		3A98741E2C168113006D5B37 = {
			isa = PBXGroup;
			children = (
				3A9874292C168114006D5B37 /* tourCheck-1971322-jangsubin */,
				3A9874282C168114006D5B37 /* Products */,
				3A98743F2C168FE9006D5B37 /* Frameworks */,
				BD0EF55393434930108EA16C /* Pods */,
			);
			sourceTree = "<group>";
		};
		3A9874282C168114006D5B37 /* Products */ = {
			isa = PBXGroup;
			children = (
				3A9874272C168114006D5B37 /* tourCheck-1971322-jangsubin.app */,
			);
			name = Products;
			sourceTree = "<group>";
		};
		3A9874292C168114006D5B37 /* tourCheck-1971322-jangsubin */ = {
			isa = PBXGroup;
			children = (
				3A98742A2C168114006D5B37 /* AppDelegate.swift */,
				3A98742C2C168114006D5B37 /* SceneDelegate.swift */,
				3A98742E2C168114006D5B37 /* ViewController.swift */,
				3A9874302C168114006D5B37 /* Main.storyboard */,
				3A9874332C168114006D5B37 /* Assets.xcassets */,
				3A9874352C168114006D5B37 /* LaunchScreen.storyboard */,
				3A9874382C168114006D5B37 /* Info.plist */,
				3A9874482C1692BE006D5B37 /* GoogleService-Info.plist */,
				3A9874462C169143006D5B37 /* AuthViewController.swift */,
				3A9874642C18A2F6006D5B37 /* MapViewController.swift */,
				3AAF65952C18AEE6006BEFA0 /* SearchViewController.swift */,
				3AAF65972C18CA44006BEFA0 /* TourApiManager.swift */,
				3AAF65A12C1BE3D8006BEFA0 /* TouristSpotDetailViewController.swift */,
				3AAF659F2C18D20E006BEFA0 /* TouristSpotTableViewCell.swift */,
				3AAF65A32C1BFE22006BEFA0 /* SavedSpotsViewController.swift */,
			);
			path = "tourCheck-1971322-jangsubin";
			sourceTree = "<group>";
		};
		3A98743F2C168FE9006D5B37 /* Frameworks */ = {
			isa = PBXGroup;
			children = (
				3A9874512C1699F3006D5B37 /* NMapsGeometry.xcframework */,
				3A9874522C1699F3006D5B37 /* NMapsMap.xcframework */,
				1A5B9BDAC2C11428A8DD12B5 /* libPods-tourCheck-1971322-jangsubin.a */,
			);
			name = Frameworks;
			sourceTree = "<group>";
		};
		BD0EF55393434930108EA16C /* Pods */ = {
			isa = PBXGroup;
			children = (
				CCD1C7E791D730A67F72E065 /* Pods-tourCheck-1971322-jangsubin.debug.xcconfig */,
				187654A2BD61B69263F6F4D9 /* Pods-tourCheck-1971322-jangsubin.release.xcconfig */,
			);
			path = Pods;
			sourceTree = "<group>";
		};
/* End PBXGroup section */

/* Begin PBXNativeTarget section */
		3A9874262C168113006D5B37 /* tourCheck-1971322-jangsubin */ = {
			isa = PBXNativeTarget;
			buildConfigurationList = 3A98743B2C168114006D5B37 /* Build configuration list for PBXNativeTarget "tourCheck-1971322-jangsubin" */;
			buildPhases = (
				EA5727E14270170FB2EFE4D0 /* [CP] Check Pods Manifest.lock */,
				3A9874232C168113006D5B37 /* Sources */,
				3A9874242C168113006D5B37 /* Frameworks */,
				3A9874252C168113006D5B37 /* Resources */,
				CB2275227065F9E9664A60C4 /* [CP] Embed Pods Frameworks */,
			);
			buildRules = (
			);
			dependencies = (
			);
			name = "tourCheck-1971322-jangsubin";
			packageProductDependencies = (
				3A98745E2C169F96006D5B37 /* FirebaseAuth */,
				3A9874602C169F96006D5B37 /* FirebaseFirestore */,
				3A9874622C169F96006D5B37 /* FirebaseStorage */,
			);
			productName = "tourCheck-1971322-jangsubin";
			productReference = 3A9874272C168114006D5B37 /* tourCheck-1971322-jangsubin.app */;
			productType = "com.apple.product-type.application";
		};
/* End PBXNativeTarget section */

/* Begin PBXProject section */
		3A98741F2C168113006D5B37 /* Project object */ = {
			isa = PBXProject;
			attributes = {
				BuildIndependentTargetsInParallel = 1;
				LastSwiftUpdateCheck = 1530;
				LastUpgradeCheck = 1530;
				TargetAttributes = {
					3A9874262C168113006D5B37 = {
						CreatedOnToolsVersion = 15.3;
					};
				};
			};
			buildConfigurationList = 3A9874222C168113006D5B37 /* Build configuration list for PBXProject "tourCheck-1971322-jangsubin" */;
			compatibilityVersion = "Xcode 14.0";
			developmentRegion = en;
			hasScannedForEncodings = 0;
			knownRegions = (
				en,
				Base,
			);
			mainGroup = 3A98741E2C168113006D5B37;
			packageReferences = (
				3A98745D2C169F82006D5B37 /* XCRemoteSwiftPackageReference "firebase-ios-sdk" */,
			);
			productRefGroup = 3A9874282C168114006D5B37 /* Products */;
			projectDirPath = "";
			projectRoot = "";
			targets = (
				3A9874262C168113006D5B37 /* tourCheck-1971322-jangsubin */,
			);
		};
/* End PBXProject section */

/* Begin PBXResourcesBuildPhase section */
		3A9874252C168113006D5B37 /* Resources */ = {
			isa = PBXResourcesBuildPhase;
			buildActionMask = 2147483647;
			files = (
				3A9874342C168114006D5B37 /* Assets.xcassets in Resources */,
				3A9874492C1692BE006D5B37 /* GoogleService-Info.plist in Resources */,
				3A9874372C168114006D5B37 /* Base in Resources */,
				3A9874322C168114006D5B37 /* Base in Resources */,
			);
			runOnlyForDeploymentPostprocessing = 0;
		};
/* End PBXResourcesBuildPhase section */

/* Begin PBXShellScriptBuildPhase section */
		CB2275227065F9E9664A60C4 /* [CP] Embed Pods Frameworks */ = {
			isa = PBXShellScriptBuildPhase;
			buildActionMask = 2147483647;
			files = (
			);
			inputFileListPaths = (
				"${PODS_ROOT}/Target Support Files/Pods-tourCheck-1971322-jangsubin/Pods-tourCheck-1971322-jangsubin-frameworks-${CONFIGURATION}-input-files.xcfilelist",
			);
			name = "[CP] Embed Pods Frameworks";
			outputFileListPaths = (
				"${PODS_ROOT}/Target Support Files/Pods-tourCheck-1971322-jangsubin/Pods-tourCheck-1971322-jangsubin-frameworks-${CONFIGURATION}-output-files.xcfilelist",
			);
			runOnlyForDeploymentPostprocessing = 0;
			shellPath = /bin/sh;
			shellScript = "\"${PODS_ROOT}/Target Support Files/Pods-tourCheck-1971322-jangsubin/Pods-tourCheck-1971322-jangsubin-frameworks.sh\"\n";
			showEnvVarsInLog = 0;
		};
		EA5727E14270170FB2EFE4D0 /* [CP] Check Pods Manifest.lock */ = {
			isa = PBXShellScriptBuildPhase;
			buildActionMask = 2147483647;
			files = (
			);
			inputFileListPaths = (
			);
			inputPaths = (
				"${PODS_PODFILE_DIR_PATH}/Podfile.lock",
				"${PODS_ROOT}/Manifest.lock",
			);
			name = "[CP] Check Pods Manifest.lock";
			outputFileListPaths = (
			);
			outputPaths = (
				"$(DERIVED_FILE_DIR)/Pods-tourCheck-1971322-jangsubin-checkManifestLockResult.txt",
			);
			runOnlyForDeploymentPostprocessing = 0;
			shellPath = /bin/sh;
			shellScript = "diff \"${PODS_PODFILE_DIR_PATH}/Podfile.lock\" \"${PODS_ROOT}/Manifest.lock\" > /dev/null\nif [ $? != 0 ] ; then\n    # print error to STDERR\n    echo \"error: The sandbox is not in sync with the Podfile.lock. Run 'pod install' or update your CocoaPods installation.\" >&2\n    exit 1\nfi\n# This output is used by Xcode 'outputs' to avoid re-running this script phase.\necho \"SUCCESS\" > \"${SCRIPT_OUTPUT_FILE_0}\"\n";
			showEnvVarsInLog = 0;
		};
/* End PBXShellScriptBuildPhase section */

/* Begin PBXSourcesBuildPhase section */
		3A9874232C168113006D5B37 /* Sources */ = {
			isa = PBXSourcesBuildPhase;
			buildActionMask = 2147483647;
			files = (
				3AAF65A42C1BFE22006BEFA0 /* SavedSpotsViewController.swift in Sources */,
				3AAF65962C18AEE6006BEFA0 /* SearchViewController.swift in Sources */,
				3A9874472C169143006D5B37 /* AuthViewController.swift in Sources */,
				3A98742F2C168114006D5B37 /* ViewController.swift in Sources */,
				3A98742B2C168114006D5B37 /* AppDelegate.swift in Sources */,
				3AAF65A22C1BE3D8006BEFA0 /* TouristSpotDetailViewController.swift in Sources */,
				3AAF65A02C18D20E006BEFA0 /* TouristSpotTableViewCell.swift in Sources */,
				3A9874652C18A2F6006D5B37 /* MapViewController.swift in Sources */,
				3A98742D2C168114006D5B37 /* SceneDelegate.swift in Sources */,
				3AAF65982C18CA44006BEFA0 /* TourApiManager.swift in Sources */,
			);
			runOnlyForDeploymentPostprocessing = 0;
		};
/* End PBXSourcesBuildPhase section */

/* Begin PBXVariantGroup section */
		3A9874302C168114006D5B37 /* Main.storyboard */ = {
			isa = PBXVariantGroup;
			children = (
				3A9874312C168114006D5B37 /* Base */,
			);
			name = Main.storyboard;
			sourceTree = "<group>";
		};
		3A9874352C168114006D5B37 /* LaunchScreen.storyboard */ = {
			isa = PBXVariantGroup;
			children = (
				3A9874362C168114006D5B37 /* Base */,
			);
			name = LaunchScreen.storyboard;
			sourceTree = "<group>";
		};
/* End PBXVariantGroup section */

/* Begin XCBuildConfiguration section */
		3A9874392C168114006D5B37 /* Debug */ = {
			isa = XCBuildConfiguration;
			buildSettings = {
				ALWAYS_SEARCH_USER_PATHS = NO;
				ASSETCATALOG_COMPILER_GENERATE_SWIFT_ASSET_SYMBOL_EXTENSIONS = YES;
				CLANG_ANALYZER_NONNULL = YES;
				CLANG_ANALYZER_NUMBER_OBJECT_CONVERSION = YES_AGGRESSIVE;
				CLANG_CXX_LANGUAGE_STANDARD = "gnu++20";
				CLANG_ENABLE_MODULES = YES;
				CLANG_ENABLE_OBJC_ARC = YES;
				CLANG_ENABLE_OBJC_WEAK = YES;
				CLANG_WARN_BLOCK_CAPTURE_AUTORELEASING = YES;
				CLANG_WARN_BOOL_CONVERSION = YES;
				CLANG_WARN_COMMA = YES;
				CLANG_WARN_CONSTANT_CONVERSION = YES;
				CLANG_WARN_DEPRECATED_OBJC_IMPLEMENTATIONS = YES;
				CLANG_WARN_DIRECT_OBJC_ISA_USAGE = YES_ERROR;
				CLANG_WARN_DOCUMENTATION_COMMENTS = YES;
				CLANG_WARN_EMPTY_BODY = YES;
				CLANG_WARN_ENUM_CONVERSION = YES;
				CLANG_WARN_INFINITE_RECURSION = YES;
				CLANG_WARN_INT_CONVERSION = YES;
				CLANG_WARN_NON_LITERAL_NULL_CONVERSION = YES;
				CLANG_WARN_OBJC_IMPLICIT_RETAIN_SELF = YES;
				CLANG_WARN_OBJC_LITERAL_CONVERSION = YES;
				CLANG_WARN_OBJC_ROOT_CLASS = YES_ERROR;
				CLANG_WARN_QUOTED_INCLUDE_IN_FRAMEWORK_HEADER = YES;
				CLANG_WARN_RANGE_LOOP_ANALYSIS = YES;
				CLANG_WARN_STRICT_PROTOTYPES = YES;
				CLANG_WARN_SUSPICIOUS_MOVE = YES;
				CLANG_WARN_UNGUARDED_AVAILABILITY = YES_AGGRESSIVE;
				CLANG_WARN_UNREACHABLE_CODE = YES;
				CLANG_WARN__DUPLICATE_METHOD_MATCH = YES;
				COPY_PHASE_STRIP = NO;
				DEBUG_INFORMATION_FORMAT = dwarf;
				ENABLE_STRICT_OBJC_MSGSEND = YES;
				ENABLE_TESTABILITY = YES;
				ENABLE_USER_SCRIPT_SANDBOXING = NO;
				GCC_C_LANGUAGE_STANDARD = gnu17;
				GCC_DYNAMIC_NO_PIC = NO;
				GCC_NO_COMMON_BLOCKS = YES;
				GCC_OPTIMIZATION_LEVEL = 0;
				GCC_PREPROCESSOR_DEFINITIONS = (
					"DEBUG=1",
					"$(inherited)",
				);
				GCC_WARN_64_TO_32_BIT_CONVERSION = YES;
				GCC_WARN_ABOUT_RETURN_TYPE = YES_ERROR;
				GCC_WARN_UNDECLARED_SELECTOR = YES;
				GCC_WARN_UNINITIALIZED_AUTOS = YES_AGGRESSIVE;
				GCC_WARN_UNUSED_FUNCTION = YES;
				GCC_WARN_UNUSED_VARIABLE = YES;
				IPHONEOS_DEPLOYMENT_TARGET = 17.4;
				LOCALIZATION_PREFERS_STRING_CATALOGS = YES;
				MTL_ENABLE_DEBUG_INFO = INCLUDE_SOURCE;
				MTL_FAST_MATH = YES;
				ONLY_ACTIVE_ARCH = YES;
				SDKROOT = iphoneos;
				SWIFT_ACTIVE_COMPILATION_CONDITIONS = "DEBUG $(inherited)";
				SWIFT_OPTIMIZATION_LEVEL = "-Onone";
			};
			name = Debug;
		};
		3A98743A2C168114006D5B37 /* Release */ = {
			isa = XCBuildConfiguration;
			buildSettings = {
				ALWAYS_SEARCH_USER_PATHS = NO;
				ASSETCATALOG_COMPILER_GENERATE_SWIFT_ASSET_SYMBOL_EXTENSIONS = YES;
				CLANG_ANALYZER_NONNULL = YES;
				CLANG_ANALYZER_NUMBER_OBJECT_CONVERSION = YES_AGGRESSIVE;
				CLANG_CXX_LANGUAGE_STANDARD = "gnu++20";
				CLANG_ENABLE_MODULES = YES;
				CLANG_ENABLE_OBJC_ARC = YES;
				CLANG_ENABLE_OBJC_WEAK = YES;
				CLANG_WARN_BLOCK_CAPTURE_AUTORELEASING = YES;
				CLANG_WARN_BOOL_CONVERSION = YES;
				CLANG_WARN_COMMA = YES;
				CLANG_WARN_CONSTANT_CONVERSION = YES;
				CLANG_WARN_DEPRECATED_OBJC_IMPLEMENTATIONS = YES;
				CLANG_WARN_DIRECT_OBJC_ISA_USAGE = YES_ERROR;
				CLANG_WARN_DOCUMENTATION_COMMENTS = YES;
				CLANG_WARN_EMPTY_BODY = YES;
				CLANG_WARN_ENUM_CONVERSION = YES;
				CLANG_WARN_INFINITE_RECURSION = YES;
				CLANG_WARN_INT_CONVERSION = YES;
				CLANG_WARN_NON_LITERAL_NULL_CONVERSION = YES;
				CLANG_WARN_OBJC_IMPLICIT_RETAIN_SELF = YES;
				CLANG_WARN_OBJC_LITERAL_CONVERSION = YES;
				CLANG_WARN_OBJC_ROOT_CLASS = YES_ERROR;
				CLANG_WARN_QUOTED_INCLUDE_IN_FRAMEWORK_HEADER = YES;
				CLANG_WARN_RANGE_LOOP_ANALYSIS = YES;
				CLANG_WARN_STRICT_PROTOTYPES = YES;
				CLANG_WARN_SUSPICIOUS_MOVE = YES;
				CLANG_WARN_UNGUARDED_AVAILABILITY = YES_AGGRESSIVE;
				CLANG_WARN_UNREACHABLE_CODE = YES;
				CLANG_WARN__DUPLICATE_METHOD_MATCH = YES;
				COPY_PHASE_STRIP = NO;
				DEBUG_INFORMATION_FORMAT = "dwarf-with-dsym";
				ENABLE_NS_ASSERTIONS = NO;
				ENABLE_STRICT_OBJC_MSGSEND = YES;
				ENABLE_USER_SCRIPT_SANDBOXING = NO;
				GCC_C_LANGUAGE_STANDARD = gnu17;
				GCC_NO_COMMON_BLOCKS = YES;
				GCC_WARN_64_TO_32_BIT_CONVERSION = YES;
				GCC_WARN_ABOUT_RETURN_TYPE = YES_ERROR;
				GCC_WARN_UNDECLARED_SELECTOR = YES;
				GCC_WARN_UNINITIALIZED_AUTOS = YES_AGGRESSIVE;
				GCC_WARN_UNUSED_FUNCTION = YES;
				GCC_WARN_UNUSED_VARIABLE = YES;
				IPHONEOS_DEPLOYMENT_TARGET = 17.4;
				LOCALIZATION_PREFERS_STRING_CATALOGS = YES;
				MTL_ENABLE_DEBUG_INFO = NO;
				MTL_FAST_MATH = YES;
				SDKROOT = iphoneos;
				SWIFT_COMPILATION_MODE = wholemodule;
				VALIDATE_PRODUCT = YES;
			};
			name = Release;
		};
		3A98743C2C168114006D5B37 /* Debug */ = {
			isa = XCBuildConfiguration;
			baseConfigurationReference = CCD1C7E791D730A67F72E065 /* Pods-tourCheck-1971322-jangsubin.debug.xcconfig */;
			buildSettings = {
				ASSETCATALOG_COMPILER_APPICON_NAME = AppIcon;
				ASSETCATALOG_COMPILER_GLOBAL_ACCENT_COLOR_NAME = AccentColor;
				CODE_SIGN_STYLE = Automatic;
				CURRENT_PROJECT_VERSION = 1;
				GENERATE_INFOPLIST_FILE = YES;
				INFOPLIST_FILE = "tourCheck-1971322-jangsubin/Info.plist";
				INFOPLIST_KEY_NSLocationAlwaysAndWhenInUseUsageDescription = "위치정보 권한이 필요합니다.";
				INFOPLIST_KEY_NSLocationAlwaysUsageDescription = "위치정보 권한이 필요합니다.";
				INFOPLIST_KEY_NSLocationWhenInUseUsageDescription = "위치정보 권한이 필요합니다.";
				INFOPLIST_KEY_UIApplicationSupportsIndirectInputEvents = YES;
				INFOPLIST_KEY_UILaunchStoryboardName = LaunchScreen;
				INFOPLIST_KEY_UIMainStoryboardFile = Main;
				INFOPLIST_KEY_UISupportedInterfaceOrientations_iPad = "UIInterfaceOrientationPortrait UIInterfaceOrientationPortraitUpsideDown UIInterfaceOrientationLandscapeLeft UIInterfaceOrientationLandscapeRight";
				INFOPLIST_KEY_UISupportedInterfaceOrientations_iPhone = "UIInterfaceOrientationPortrait UIInterfaceOrientationLandscapeLeft UIInterfaceOrientationLandscapeRight";
				LD_RUNPATH_SEARCH_PATHS = (
					"$(inherited)",
					"@executable_path/Frameworks",
				);
				MARKETING_VERSION = 1.0;
				PRODUCT_BUNDLE_IDENTIFIER = "ios.tourCheck-1971322-jangsubin";
				PRODUCT_NAME = "$(TARGET_NAME)";
				SWIFT_EMIT_LOC_STRINGS = YES;
				SWIFT_VERSION = 5.0;
				TARGETED_DEVICE_FAMILY = "1,2";
			};
			name = Debug;
		};
		3A98743D2C168114006D5B37 /* Release */ = {
			isa = XCBuildConfiguration;
			baseConfigurationReference = 187654A2BD61B69263F6F4D9 /* Pods-tourCheck-1971322-jangsubin.release.xcconfig */;
			buildSettings = {
				ASSETCATALOG_COMPILER_APPICON_NAME = AppIcon;
				ASSETCATALOG_COMPILER_GLOBAL_ACCENT_COLOR_NAME = AccentColor;
				CODE_SIGN_STYLE = Automatic;
				CURRENT_PROJECT_VERSION = 1;
				GENERATE_INFOPLIST_FILE = YES;
				INFOPLIST_FILE = "tourCheck-1971322-jangsubin/Info.plist";
				INFOPLIST_KEY_NSLocationAlwaysAndWhenInUseUsageDescription = "위치정보 권한이 필요합니다.";
				INFOPLIST_KEY_NSLocationAlwaysUsageDescription = "위치정보 권한이 필요합니다.";
				INFOPLIST_KEY_NSLocationWhenInUseUsageDescription = "위치정보 권한이 필요합니다.";
				INFOPLIST_KEY_UIApplicationSupportsIndirectInputEvents = YES;
				INFOPLIST_KEY_UILaunchStoryboardName = LaunchScreen;
				INFOPLIST_KEY_UIMainStoryboardFile = Main;
				INFOPLIST_KEY_UISupportedInterfaceOrientations_iPad = "UIInterfaceOrientationPortrait UIInterfaceOrientationPortraitUpsideDown UIInterfaceOrientationLandscapeLeft UIInterfaceOrientationLandscapeRight";
				INFOPLIST_KEY_UISupportedInterfaceOrientations_iPhone = "UIInterfaceOrientationPortrait UIInterfaceOrientationLandscapeLeft UIInterfaceOrientationLandscapeRight";
				LD_RUNPATH_SEARCH_PATHS = (
					"$(inherited)",
					"@executable_path/Frameworks",
				);
				MARKETING_VERSION = 1.0;
				PRODUCT_BUNDLE_IDENTIFIER = "ios.tourCheck-1971322-jangsubin";
				PRODUCT_NAME = "$(TARGET_NAME)";
				SWIFT_EMIT_LOC_STRINGS = YES;
				SWIFT_VERSION = 5.0;
				TARGETED_DEVICE_FAMILY = "1,2";
			};
			name = Release;
		};
/* End XCBuildConfiguration section */

/* Begin XCConfigurationList section */
		3A9874222C168113006D5B37 /* Build configuration list for PBXProject "tourCheck-1971322-jangsubin" */ = {
			isa = XCConfigurationList;
			buildConfigurations = (
				3A9874392C168114006D5B37 /* Debug */,
				3A98743A2C168114006D5B37 /* Release */,
			);
			defaultConfigurationIsVisible = 0;
			defaultConfigurationName = Release;
		};
		3A98743B2C168114006D5B37 /* Build configuration list for PBXNativeTarget "tourCheck-1971322-jangsubin" */ = {
			isa = XCConfigurationList;
			buildConfigurations = (
				3A98743C2C168114006D5B37 /* Debug */,
				3A98743D2C168114006D5B37 /* Release */,
			);
			defaultConfigurationIsVisible = 0;
			defaultConfigurationName = Release;
		};
/* End XCConfigurationList section */

/* Begin XCRemoteSwiftPackageReference section */
		3A98745D2C169F82006D5B37 /* XCRemoteSwiftPackageReference "firebase-ios-sdk" */ = {
			isa = XCRemoteSwiftPackageReference;
			repositoryURL = "https://github.com/firebase/firebase-ios-sdk";
			requirement = {
				kind = upToNextMajorVersion;
				minimumVersion = 10.27.0;
			};
		};
/* End XCRemoteSwiftPackageReference section */

/* Begin XCSwiftPackageProductDependency section */
		3A98745E2C169F96006D5B37 /* FirebaseAuth */ = {
			isa = XCSwiftPackageProductDependency;
			package = 3A98745D2C169F82006D5B37 /* XCRemoteSwiftPackageReference "firebase-ios-sdk" */;
			productName = FirebaseAuth;
		};
		3A9874602C169F96006D5B37 /* FirebaseFirestore */ = {
			isa = XCSwiftPackageProductDependency;
			package = 3A98745D2C169F82006D5B37 /* XCRemoteSwiftPackageReference "firebase-ios-sdk" */;
			productName = FirebaseFirestore;
		};
		3A9874622C169F96006D5B37 /* FirebaseStorage */ = {
			isa = XCSwiftPackageProductDependency;
			package = 3A98745D2C169F82006D5B37 /* XCRemoteSwiftPackageReference "firebase-ios-sdk" */;
			productName = FirebaseStorage;
		};
/* End XCSwiftPackageProductDependency section */
	};
	rootObject = 3A98741F2C168113006D5B37 /* Project object */;
}
